
Microsoft Visual Studio Solution File, Format Version 12.00
# Visual Studio Version 17
VisualStudioVersion = 17.4.33403.182
MinimumVisualStudioVersion = 10.0.40219.1
Project("{2150E333-8FDC-42A3-9474-1A3956D46DE8}") = "Platforms", "Platforms", "{FBD6EEAF-3D3B-4F4D-B21D-155F3AC5BB76}"
EndProject
Project("{FAE04EC0-301F-11D3-BF4B-00C04F79EFBC}") = "App1", "App1\App1\App1.csproj", "{7076D77E-80F3-4A3B-83BC-200C7E672A03}"
EndProject
Project("{FAE04EC0-301F-11D3-BF4B-00C04F79EFBC}") = "App1.Mobile", "App1\App1.Mobile\App1.Mobile.csproj", "{72325CC8-126D-4363-B2FC-AB4B91D9E38C}"
EndProject
Global
	GlobalSection(SolutionConfigurationPlatforms) = preSolution
		Debug|Any CPU = Debug|Any CPU
		Release|Any CPU = Release|Any CPU
	EndGlobalSection
	GlobalSection(ProjectConfigurationPlatforms) = postSolution
		{7076D77E-80F3-4A3B-83BC-200C7E672A03}.Debug|Any CPU.ActiveCfg = Debug|Any CPU
		{7076D77E-80F3-4A3B-83BC-200C7E672A03}.Debug|Any CPU.Build.0 = Debug|Any CPU
		{7076D77E-80F3-4A3B-83BC-200C7E672A03}.Release|Any CPU.ActiveCfg = Release|Any CPU
		{7076D77E-80F3-4A3B-83BC-200C7E672A03}.Release|Any CPU.Build.0 = Release|Any CPU
		{72325CC8-126D-4363-B2FC-AB4B91D9E38C}.Debug|Any CPU.ActiveCfg = Debug|Any CPU
		{72325CC8-126D-4363-B2FC-AB4B91D9E38C}.Debug|Any CPU.Build.0 = Debug|Any CPU
		{72325CC8-126D-4363-B2FC-AB4B91D9E38C}.Debug|Any CPU.Deploy.0 = Debug|Any CPU
		{72325CC8-126D-4363-B2FC-AB4B91D9E38C}.Release|Any CPU.ActiveCfg = Release|Any CPU
		{72325CC8-126D-4363-B2FC-AB4B91D9E38C}.Release|Any CPU.Build.0 = Release|Any CPU
		{72325CC8-126D-4363-B2FC-AB4B91D9E38C}.Release|Any CPU.Deploy.0 = Release|Any CPU
	EndGlobalSection
	GlobalSection(SolutionProperties) = preSolution
		HideSolutionNode = FALSE
	EndGlobalSection
	GlobalSection(NestedProjects) = preSolution
		{72325CC8-126D-4363-B2FC-AB4B91D9E38C} = {FBD6EEAF-3D3B-4F4D-B21D-155F3AC5BB76}
	EndGlobalSection
	GlobalSection(ExtensibilityGlobals) = postSolution
		SolutionGuid = {50170FB5-C25E-4F1E-8D6B-8EF0D1E6AC2D}
	EndGlobalSection
EndGlobal
